// !$*UTF8*$!
{
	archiveVersion = 1;
	classes = {
	};
	objectVersion = 56;
	objects = {

/* Begin PBXBuildFile section */
		BA0AE15928BFB3670035854C /* APIConstants.swift in Sources */ = {isa = PBXBuildFile; fileRef = BA0AE15828BFB3670035854C /* APIConstants.swift */; };
		BA0AE15E28BFB9940035854C /* Alamofire in Frameworks */ = {isa = PBXBuildFile; productRef = BA0AE15D28BFB9940035854C /* Alamofire */; };
		BA0AE16028BFB9DE0035854C /* CityNameManager.swift in Sources */ = {isa = PBXBuildFile; fileRef = BA0AE15F28BFB9DE0035854C /* CityNameManager.swift */; };
		BA0AE16328BFBC850035854C /* CityName.swift in Sources */ = {isa = PBXBuildFile; fileRef = BA0AE16228BFBC850035854C /* CityName.swift */; };
		BA13A25F28BB974800A48560 /* ReactorKit in Frameworks */ = {isa = PBXBuildFile; productRef = BA13A25E28BB974800A48560 /* ReactorKit */; };
		BA4E264F28C1E12A00AE3584 /* Coordinator.swift in Sources */ = {isa = PBXBuildFile; fileRef = BA4E264E28C1E12A00AE3584 /* Coordinator.swift */; };
		BA4E265128C1E1E000AE3584 /* HomeCoordinator.swift in Sources */ = {isa = PBXBuildFile; fileRef = BA4E265028C1E1E000AE3584 /* HomeCoordinator.swift */; };
		BA4E265328C2254600AE3584 /* AddCityViewController.swift in Sources */ = {isa = PBXBuildFile; fileRef = BA4E265228C2254600AE3584 /* AddCityViewController.swift */; };
		BA4E265628C2258500AE3584 /* AddCityCoordinator.swift in Sources */ = {isa = PBXBuildFile; fileRef = BA4E265528C2258500AE3584 /* AddCityCoordinator.swift */; };
		BA5A10F628BCD81C0047E200 /* BaseViewController.swift in Sources */ = {isa = PBXBuildFile; fileRef = BA5A10F528BCD81C0047E200 /* BaseViewController.swift */; };
		BA88751F28B8AFEB00825747 /* AppDelegate.swift in Sources */ = {isa = PBXBuildFile; fileRef = BA88751E28B8AFEB00825747 /* AppDelegate.swift */; };
		BA88752128B8AFEB00825747 /* SceneDelegate.swift in Sources */ = {isa = PBXBuildFile; fileRef = BA88752028B8AFEB00825747 /* SceneDelegate.swift */; };
		BA88752328B8AFEB00825747 /* HomeViewController.swift in Sources */ = {isa = PBXBuildFile; fileRef = BA88752228B8AFEB00825747 /* HomeViewController.swift */; };
		BA88752828B8AFEB00825747 /* Assets.xcassets in Resources */ = {isa = PBXBuildFile; fileRef = BA88752728B8AFEB00825747 /* Assets.xcassets */; };
		BA88752B28B8AFEB00825747 /* LaunchScreen.storyboard in Resources */ = {isa = PBXBuildFile; fileRef = BA88752928B8AFEB00825747 /* LaunchScreen.storyboard */; };
		BA9989E228B8B38200427AEA /* RxCocoa in Frameworks */ = {isa = PBXBuildFile; productRef = BA9989E128B8B38200427AEA /* RxCocoa */; };
		BA9989E428B8B38200427AEA /* RxSwift in Frameworks */ = {isa = PBXBuildFile; productRef = BA9989E328B8B38200427AEA /* RxSwift */; };
		BA9989E728B8B3C900427AEA /* SnapKit in Frameworks */ = {isa = PBXBuildFile; productRef = BA9989E628B8B3C900427AEA /* SnapKit */; };
		BA9989EA28B8B40800427AEA /* Then in Frameworks */ = {isa = PBXBuildFile; productRef = BA9989E928B8B40800427AEA /* Then */; };
		BAF68C8528BDA9D8009E22E5 /* Ex+UIColor.swift in Sources */ = {isa = PBXBuildFile; fileRef = BAF68C8428BDA9D8009E22E5 /* Ex+UIColor.swift */; };
/* End PBXBuildFile section */

/* Begin PBXFileReference section */
		BA0AE15828BFB3670035854C /* APIConstants.swift */ = {isa = PBXFileReference; lastKnownFileType = sourcecode.swift; path = APIConstants.swift; sourceTree = "<group>"; };
		BA0AE15F28BFB9DE0035854C /* CityNameManager.swift */ = {isa = PBXFileReference; lastKnownFileType = sourcecode.swift; path = CityNameManager.swift; sourceTree = "<group>"; };
		BA0AE16228BFBC850035854C /* CityName.swift */ = {isa = PBXFileReference; lastKnownFileType = sourcecode.swift; path = CityName.swift; sourceTree = "<group>"; };
		BA4E264E28C1E12A00AE3584 /* Coordinator.swift */ = {isa = PBXFileReference; lastKnownFileType = sourcecode.swift; path = Coordinator.swift; sourceTree = "<group>"; };
		BA4E265028C1E1E000AE3584 /* HomeCoordinator.swift */ = {isa = PBXFileReference; lastKnownFileType = sourcecode.swift; path = HomeCoordinator.swift; sourceTree = "<group>"; };
		BA4E265228C2254600AE3584 /* AddCityViewController.swift */ = {isa = PBXFileReference; lastKnownFileType = sourcecode.swift; path = AddCityViewController.swift; sourceTree = "<group>"; };
		BA4E265528C2258500AE3584 /* AddCityCoordinator.swift */ = {isa = PBXFileReference; lastKnownFileType = sourcecode.swift; path = AddCityCoordinator.swift; sourceTree = "<group>"; };
		BA5A10F528BCD81C0047E200 /* BaseViewController.swift */ = {isa = PBXFileReference; lastKnownFileType = sourcecode.swift; path = BaseViewController.swift; sourceTree = "<group>"; };
		BA88751B28B8AFEB00825747 /* WeatherApp.app */ = {isa = PBXFileReference; explicitFileType = wrapper.application; includeInIndex = 0; path = WeatherApp.app; sourceTree = BUILT_PRODUCTS_DIR; };
		BA88751E28B8AFEB00825747 /* AppDelegate.swift */ = {isa = PBXFileReference; lastKnownFileType = sourcecode.swift; path = AppDelegate.swift; sourceTree = "<group>"; };
		BA88752028B8AFEB00825747 /* SceneDelegate.swift */ = {isa = PBXFileReference; lastKnownFileType = sourcecode.swift; path = SceneDelegate.swift; sourceTree = "<group>"; };
		BA88752228B8AFEB00825747 /* HomeViewController.swift */ = {isa = PBXFileReference; lastKnownFileType = sourcecode.swift; path = HomeViewController.swift; sourceTree = "<group>"; };
		BA88752728B8AFEB00825747 /* Assets.xcassets */ = {isa = PBXFileReference; lastKnownFileType = folder.assetcatalog; path = Assets.xcassets; sourceTree = "<group>"; };
		BA88752A28B8AFEB00825747 /* Base */ = {isa = PBXFileReference; lastKnownFileType = file.storyboard; name = Base; path = Base.lproj/LaunchScreen.storyboard; sourceTree = "<group>"; };
		BA88752C28B8AFEB00825747 /* Info.plist */ = {isa = PBXFileReference; lastKnownFileType = text.plist.xml; path = Info.plist; sourceTree = "<group>"; };
		BAF68C8428BDA9D8009E22E5 /* Ex+UIColor.swift */ = {isa = PBXFileReference; lastKnownFileType = sourcecode.swift; path = "Ex+UIColor.swift"; sourceTree = "<group>"; };
/* End PBXFileReference section */

/* Begin PBXFrameworksBuildPhase section */
		BA88751828B8AFEB00825747 /* Frameworks */ = {
			isa = PBXFrameworksBuildPhase;
			buildActionMask = 2147483647;
			files = (
				BA9989E728B8B3C900427AEA /* SnapKit in Frameworks */,
				BA9989E428B8B38200427AEA /* RxSwift in Frameworks */,
				BA9989E228B8B38200427AEA /* RxCocoa in Frameworks */,
				BA0AE15E28BFB9940035854C /* Alamofire in Frameworks */,
				BA13A25F28BB974800A48560 /* ReactorKit in Frameworks */,
				BA9989EA28B8B40800427AEA /* Then in Frameworks */,
			);
			runOnlyForDeploymentPostprocessing = 0;
		};
/* End PBXFrameworksBuildPhase section */

/* Begin PBXGroup section */
		BA0AE15728BFB3520035854C /* Network */ = {
			isa = PBXGroup;
			children = (
				BA0AE15828BFB3670035854C /* APIConstants.swift */,
				BA0AE15F28BFB9DE0035854C /* CityNameManager.swift */,
			);
			path = Network;
			sourceTree = "<group>";
		};
		BA0AE16128BFBC7B0035854C /* Models */ = {
			isa = PBXGroup;
			children = (
				BA0AE16228BFBC850035854C /* CityName.swift */,
			);
			path = Models;
			sourceTree = "<group>";
		};
		BA13A26028BB9C6C00A48560 /* Assets */ = {
			isa = PBXGroup;
			children = (
				BA88752728B8AFEB00825747 /* Assets.xcassets */,
			);
			path = Assets;
			sourceTree = "<group>";
		};
		BA13A26128BB9C7B00A48560 /* Configuration */ = {
			isa = PBXGroup;
			children = (
				BA13A26028BB9C6C00A48560 /* Assets */,
				BAF68C8328BDA960009E22E5 /* Extensions */,
			);
			path = Configuration;
			sourceTree = "<group>";
		};
		BA13A26328BB9CCB00A48560 /* Source */ = {
			isa = PBXGroup;
			children = (
				BA0AE16128BFBC7B0035854C /* Models */,
				BA0AE15728BFB3520035854C /* Network */,
				BA13A26428BB9D5C00A48560 /* Views */,
			);
			path = Source;
			sourceTree = "<group>";
		};
		BA13A26428BB9D5C00A48560 /* Views */ = {
			isa = PBXGroup;
			children = (
				BA4E265428C2254C00AE3584 /* AddCity */,
				BA88751E28B8AFEB00825747 /* AppDelegate.swift */,
				BA5A10F528BCD81C0047E200 /* BaseViewController.swift */,
				BA4E264E28C1E12A00AE3584 /* Coordinator.swift */,
				BA88752028B8AFEB00825747 /* SceneDelegate.swift */,
				BA13A26528BB9DAE00A48560 /* Home */,
				BA88752928B8AFEB00825747 /* LaunchScreen.storyboard */,
			);
			path = Views;
			sourceTree = "<group>";
		};
		BA13A26528BB9DAE00A48560 /* Home */ = {
			isa = PBXGroup;
			children = (
				BA4E265028C1E1E000AE3584 /* HomeCoordinator.swift */,
				BA88752228B8AFEB00825747 /* HomeViewController.swift */,
			);
			path = Home;
			sourceTree = "<group>";
		};
		BA4E265428C2254C00AE3584 /* AddCity */ = {
			isa = PBXGroup;
			children = (
				BA4E265528C2258500AE3584 /* AddCityCoordinator.swift */,
				BA4E265228C2254600AE3584 /* AddCityViewController.swift */,
			);
			path = AddCity;
			sourceTree = "<group>";
		};
		BA88751228B8AFEB00825747 = {
			isa = PBXGroup;
			children = (
				BA88751D28B8AFEB00825747 /* WeatherApp */,
				BA88751C28B8AFEB00825747 /* Products */,
			);
			sourceTree = "<group>";
		};
		BA88751C28B8AFEB00825747 /* Products */ = {
			isa = PBXGroup;
			children = (
				BA88751B28B8AFEB00825747 /* WeatherApp.app */,
			);
			name = Products;
			sourceTree = "<group>";
		};
		BA88751D28B8AFEB00825747 /* WeatherApp */ = {
			isa = PBXGroup;
			children = (
				BA13A26128BB9C7B00A48560 /* Configuration */,
				BA13A26328BB9CCB00A48560 /* Source */,
				BA88752C28B8AFEB00825747 /* Info.plist */,
			);
			path = WeatherApp;
			sourceTree = "<group>";
		};
		BAF68C8328BDA960009E22E5 /* Extensions */ = {
			isa = PBXGroup;
			children = (
				BAF68C8428BDA9D8009E22E5 /* Ex+UIColor.swift */,
			);
			path = Extensions;
			sourceTree = "<group>";
		};
/* End PBXGroup section */

/* Begin PBXNativeTarget section */
		BA88751A28B8AFEB00825747 /* WeatherApp */ = {
			isa = PBXNativeTarget;
			buildConfigurationList = BA88752F28B8AFEB00825747 /* Build configuration list for PBXNativeTarget "WeatherApp" */;
			buildPhases = (
				BA88751728B8AFEB00825747 /* Sources */,
				BA88751828B8AFEB00825747 /* Frameworks */,
				BA88751928B8AFEB00825747 /* Resources */,
				BA1D7A6B28B8CF6C000B63BC /* SwiftLint */,
			);
			buildRules = (
			);
			dependencies = (
			);
			name = WeatherApp;
			packageProductDependencies = (
				BA9989E128B8B38200427AEA /* RxCocoa */,
				BA9989E328B8B38200427AEA /* RxSwift */,
				BA9989E628B8B3C900427AEA /* SnapKit */,
				BA9989E928B8B40800427AEA /* Then */,
				BA13A25E28BB974800A48560 /* ReactorKit */,
				BA0AE15D28BFB9940035854C /* Alamofire */,
			);
			productName = WeatherApp;
			productReference = BA88751B28B8AFEB00825747 /* WeatherApp.app */;
			productType = "com.apple.product-type.application";
		};
/* End PBXNativeTarget section */

/* Begin PBXProject section */
		BA88751328B8AFEB00825747 /* Project object */ = {
			isa = PBXProject;
			attributes = {
				BuildIndependentTargetsInParallel = 1;
				LastSwiftUpdateCheck = 1400;
				LastUpgradeCheck = 1400;
				TargetAttributes = {
					BA88751A28B8AFEB00825747 = {
						CreatedOnToolsVersion = 14.0;
					};
				};
			};
			buildConfigurationList = BA88751628B8AFEB00825747 /* Build configuration list for PBXProject "WeatherApp" */;
			compatibilityVersion = "Xcode 14.0";
			developmentRegion = en;
			hasScannedForEncodings = 0;
			knownRegions = (
				en,
				Base,
			);
			mainGroup = BA88751228B8AFEB00825747;
			packageReferences = (
				BA9989E028B8B38200427AEA /* XCRemoteSwiftPackageReference "RxSwift" */,
				BA9989E528B8B3C900427AEA /* XCRemoteSwiftPackageReference "SnapKit" */,
				BA9989E828B8B40800427AEA /* XCRemoteSwiftPackageReference "Then" */,
				BA13A25D28BB974800A48560 /* XCRemoteSwiftPackageReference "ReactorKit" */,
				BA0AE15C28BFB9940035854C /* XCRemoteSwiftPackageReference "Alamofire" */,
			);
			productRefGroup = BA88751C28B8AFEB00825747 /* Products */;
			projectDirPath = "";
			projectRoot = "";
			targets = (
				BA88751A28B8AFEB00825747 /* WeatherApp */,
			);
		};
/* End PBXProject section */

/* Begin PBXResourcesBuildPhase section */
		BA88751928B8AFEB00825747 /* Resources */ = {
			isa = PBXResourcesBuildPhase;
			buildActionMask = 2147483647;
			files = (
				BA88752B28B8AFEB00825747 /* LaunchScreen.storyboard in Resources */,
				BA88752828B8AFEB00825747 /* Assets.xcassets in Resources */,
			);
			runOnlyForDeploymentPostprocessing = 0;
		};
/* End PBXResourcesBuildPhase section */

/* Begin PBXShellScriptBuildPhase section */
		BA1D7A6B28B8CF6C000B63BC /* SwiftLint */ = {
			isa = PBXShellScriptBuildPhase;
			buildActionMask = 2147483647;
			files = (
			);
			inputFileListPaths = (
			);
			inputPaths = (
			);
			name = SwiftLint;
			outputFileListPaths = (
			);
			outputPaths = (
			);
			runOnlyForDeploymentPostprocessing = 0;
			shellPath = /bin/sh;
			shellScript = "export PATH=\"$PATH:/opt/homebrew/bin\"\nif which swiftlint > /dev/null; then\n  swiftlint --fix && swiftlint\nelse\n  echo \"warning: SwiftLint not installed, download from https://github.com/realm/SwiftLint\"\nfi\n";
		};
/* End PBXShellScriptBuildPhase section */

/* Begin PBXSourcesBuildPhase section */
		BA88751728B8AFEB00825747 /* Sources */ = {
			isa = PBXSourcesBuildPhase;
			buildActionMask = 2147483647;
			files = (
				BA0AE16028BFB9DE0035854C /* CityNameManager.swift in Sources */,
				BA88752328B8AFEB00825747 /* HomeViewController.swift in Sources */,
				BA5A10F628BCD81C0047E200 /* BaseViewController.swift in Sources */,
				BA0AE16328BFBC850035854C /* CityName.swift in Sources */,
				BA0AE15928BFB3670035854C /* APIConstants.swift in Sources */,
				BA4E265628C2258500AE3584 /* AddCityCoordinator.swift in Sources */,
				BAF68C8528BDA9D8009E22E5 /* Ex+UIColor.swift in Sources */,
				BA88751F28B8AFEB00825747 /* AppDelegate.swift in Sources */,
				BA4E265328C2254600AE3584 /* AddCityViewController.swift in Sources */,
				BA4E265128C1E1E000AE3584 /* HomeCoordinator.swift in Sources */,
				BA88752128B8AFEB00825747 /* SceneDelegate.swift in Sources */,
				BA4E264F28C1E12A00AE3584 /* Coordinator.swift in Sources */,
			);
			runOnlyForDeploymentPostprocessing = 0;
		};
/* End PBXSourcesBuildPhase section */

/* Begin PBXVariantGroup section */
		BA88752928B8AFEB00825747 /* LaunchScreen.storyboard */ = {
			isa = PBXVariantGroup;
			children = (
				BA88752A28B8AFEB00825747 /* Base */,
			);
			name = LaunchScreen.storyboard;
			sourceTree = "<group>";
		};
/* End PBXVariantGroup section */

/* Begin XCBuildConfiguration section */
		BA88752D28B8AFEB00825747 /* Debug */ = {
			isa = XCBuildConfiguration;
			buildSettings = {
				ALWAYS_SEARCH_USER_PATHS = NO;
				CLANG_ANALYZER_NONNULL = YES;
				CLANG_ANALYZER_NUMBER_OBJECT_CONVERSION = YES_AGGRESSIVE;
				CLANG_CXX_LANGUAGE_STANDARD = "gnu++20";
				CLANG_ENABLE_MODULES = YES;
				CLANG_ENABLE_OBJC_ARC = YES;
				CLANG_ENABLE_OBJC_WEAK = YES;
				CLANG_WARN_BLOCK_CAPTURE_AUTORELEASING = YES;
				CLANG_WARN_BOOL_CONVERSION = YES;
				CLANG_WARN_COMMA = YES;
				CLANG_WARN_CONSTANT_CONVERSION = YES;
				CLANG_WARN_DEPRECATED_OBJC_IMPLEMENTATIONS = YES;
				CLANG_WARN_DIRECT_OBJC_ISA_USAGE = YES_ERROR;
				CLANG_WARN_DOCUMENTATION_COMMENTS = YES;
				CLANG_WARN_EMPTY_BODY = YES;
				CLANG_WARN_ENUM_CONVERSION = YES;
				CLANG_WARN_INFINITE_RECURSION = YES;
				CLANG_WARN_INT_CONVERSION = YES;
				CLANG_WARN_NON_LITERAL_NULL_CONVERSION = YES;
				CLANG_WARN_OBJC_IMPLICIT_RETAIN_SELF = YES;
				CLANG_WARN_OBJC_LITERAL_CONVERSION = YES;
				CLANG_WARN_OBJC_ROOT_CLASS = YES_ERROR;
				CLANG_WARN_QUOTED_INCLUDE_IN_FRAMEWORK_HEADER = YES;
				CLANG_WARN_RANGE_LOOP_ANALYSIS = YES;
				CLANG_WARN_STRICT_PROTOTYPES = YES;
				CLANG_WARN_SUSPICIOUS_MOVE = YES;
				CLANG_WARN_UNGUARDED_AVAILABILITY = YES_AGGRESSIVE;
				CLANG_WARN_UNREACHABLE_CODE = YES;
				CLANG_WARN__DUPLICATE_METHOD_MATCH = YES;
				COPY_PHASE_STRIP = NO;
				DEBUG_INFORMATION_FORMAT = dwarf;
				ENABLE_STRICT_OBJC_MSGSEND = YES;
				ENABLE_TESTABILITY = YES;
				GCC_C_LANGUAGE_STANDARD = gnu11;
				GCC_DYNAMIC_NO_PIC = NO;
				GCC_NO_COMMON_BLOCKS = YES;
				GCC_OPTIMIZATION_LEVEL = 0;
				GCC_PREPROCESSOR_DEFINITIONS = (
					"DEBUG=1",
					"$(inherited)",
				);
				GCC_WARN_64_TO_32_BIT_CONVERSION = YES;
				GCC_WARN_ABOUT_RETURN_TYPE = YES_ERROR;
				GCC_WARN_UNDECLARED_SELECTOR = YES;
				GCC_WARN_UNINITIALIZED_AUTOS = YES_AGGRESSIVE;
				GCC_WARN_UNUSED_FUNCTION = YES;
				GCC_WARN_UNUSED_VARIABLE = YES;
				IPHONEOS_DEPLOYMENT_TARGET = 16.0;
				MTL_ENABLE_DEBUG_INFO = INCLUDE_SOURCE;
				MTL_FAST_MATH = YES;
				ONLY_ACTIVE_ARCH = YES;
				SDKROOT = iphoneos;
				SWIFT_ACTIVE_COMPILATION_CONDITIONS = DEBUG;
				SWIFT_OPTIMIZATION_LEVEL = "-Onone";
			};
			name = Debug;
		};
		BA88752E28B8AFEB00825747 /* Release */ = {
			isa = XCBuildConfiguration;
			buildSettings = {
				ALWAYS_SEARCH_USER_PATHS = NO;
				CLANG_ANALYZER_NONNULL = YES;
				CLANG_ANALYZER_NUMBER_OBJECT_CONVERSION = YES_AGGRESSIVE;
				CLANG_CXX_LANGUAGE_STANDARD = "gnu++20";
				CLANG_ENABLE_MODULES = YES;
				CLANG_ENABLE_OBJC_ARC = YES;
				CLANG_ENABLE_OBJC_WEAK = YES;
				CLANG_WARN_BLOCK_CAPTURE_AUTORELEASING = YES;
				CLANG_WARN_BOOL_CONVERSION = YES;
				CLANG_WARN_COMMA = YES;
				CLANG_WARN_CONSTANT_CONVERSION = YES;
				CLANG_WARN_DEPRECATED_OBJC_IMPLEMENTATIONS = YES;
				CLANG_WARN_DIRECT_OBJC_ISA_USAGE = YES_ERROR;
				CLANG_WARN_DOCUMENTATION_COMMENTS = YES;
				CLANG_WARN_EMPTY_BODY = YES;
				CLANG_WARN_ENUM_CONVERSION = YES;
				CLANG_WARN_INFINITE_RECURSION = YES;
				CLANG_WARN_INT_CONVERSION = YES;
				CLANG_WARN_NON_LITERAL_NULL_CONVERSION = YES;
				CLANG_WARN_OBJC_IMPLICIT_RETAIN_SELF = YES;
				CLANG_WARN_OBJC_LITERAL_CONVERSION = YES;
				CLANG_WARN_OBJC_ROOT_CLASS = YES_ERROR;
				CLANG_WARN_QUOTED_INCLUDE_IN_FRAMEWORK_HEADER = YES;
				CLANG_WARN_RANGE_LOOP_ANALYSIS = YES;
				CLANG_WARN_STRICT_PROTOTYPES = YES;
				CLANG_WARN_SUSPICIOUS_MOVE = YES;
				CLANG_WARN_UNGUARDED_AVAILABILITY = YES_AGGRESSIVE;
				CLANG_WARN_UNREACHABLE_CODE = YES;
				CLANG_WARN__DUPLICATE_METHOD_MATCH = YES;
				COPY_PHASE_STRIP = NO;
				DEBUG_INFORMATION_FORMAT = "dwarf-with-dsym";
				ENABLE_NS_ASSERTIONS = NO;
				ENABLE_STRICT_OBJC_MSGSEND = YES;
				GCC_C_LANGUAGE_STANDARD = gnu11;
				GCC_NO_COMMON_BLOCKS = YES;
				GCC_WARN_64_TO_32_BIT_CONVERSION = YES;
				GCC_WARN_ABOUT_RETURN_TYPE = YES_ERROR;
				GCC_WARN_UNDECLARED_SELECTOR = YES;
				GCC_WARN_UNINITIALIZED_AUTOS = YES_AGGRESSIVE;
				GCC_WARN_UNUSED_FUNCTION = YES;
				GCC_WARN_UNUSED_VARIABLE = YES;
				IPHONEOS_DEPLOYMENT_TARGET = 16.0;
				MTL_ENABLE_DEBUG_INFO = NO;
				MTL_FAST_MATH = YES;
				SDKROOT = iphoneos;
				SWIFT_COMPILATION_MODE = wholemodule;
				SWIFT_OPTIMIZATION_LEVEL = "-O";
				VALIDATE_PRODUCT = YES;
			};
			name = Release;
		};
		BA88753028B8AFEB00825747 /* Debug */ = {
			isa = XCBuildConfiguration;
			buildSettings = {
				ASSETCATALOG_COMPILER_APPICON_NAME = AppIcon;
				ASSETCATALOG_COMPILER_GLOBAL_ACCENT_COLOR_NAME = AccentColor;
				CODE_SIGN_STYLE = Automatic;
				CURRENT_PROJECT_VERSION = 1;
				DEVELOPMENT_TEAM = 2ZQR76M3UH;
				GENERATE_INFOPLIST_FILE = YES;
				INFOPLIST_FILE = WeatherApp/Info.plist;
				INFOPLIST_KEY_UIApplicationSupportsIndirectInputEvents = YES;
				INFOPLIST_KEY_UILaunchStoryboardName = LaunchScreen;
				INFOPLIST_KEY_UISupportedInterfaceOrientations_iPad = "UIInterfaceOrientationPortrait UIInterfaceOrientationPortraitUpsideDown UIInterfaceOrientationLandscapeLeft UIInterfaceOrientationLandscapeRight";
				INFOPLIST_KEY_UISupportedInterfaceOrientations_iPhone = "UIInterfaceOrientationPortrait UIInterfaceOrientationLandscapeLeft UIInterfaceOrientationLandscapeRight";
				IPHONEOS_DEPLOYMENT_TARGET = 16.0;
				LD_RUNPATH_SEARCH_PATHS = (
					"$(inherited)",
					"@executable_path/Frameworks",
				);
				MARKETING_VERSION = 1.0;
				PRODUCT_BUNDLE_IDENTIFIER = com.whitehyun.WeatherApp;
				PRODUCT_NAME = "$(TARGET_NAME)";
				SWIFT_EMIT_LOC_STRINGS = YES;
				SWIFT_VERSION = 5.0;
				TARGETED_DEVICE_FAMILY = "1,2";
			};
			name = Debug;
		};
		BA88753128B8AFEB00825747 /* Release */ = {
			isa = XCBuildConfiguration;
			buildSettings = {
				ASSETCATALOG_COMPILER_APPICON_NAME = AppIcon;
				ASSETCATALOG_COMPILER_GLOBAL_ACCENT_COLOR_NAME = AccentColor;
				CODE_SIGN_STYLE = Automatic;
				CURRENT_PROJECT_VERSION = 1;
				DEVELOPMENT_TEAM = 2ZQR76M3UH;
				GENERATE_INFOPLIST_FILE = YES;
				INFOPLIST_FILE = WeatherApp/Info.plist;
				INFOPLIST_KEY_UIApplicationSupportsIndirectInputEvents = YES;
				INFOPLIST_KEY_UILaunchStoryboardName = LaunchScreen;
				INFOPLIST_KEY_UISupportedInterfaceOrientations_iPad = "UIInterfaceOrientationPortrait UIInterfaceOrientationPortraitUpsideDown UIInterfaceOrientationLandscapeLeft UIInterfaceOrientationLandscapeRight";
				INFOPLIST_KEY_UISupportedInterfaceOrientations_iPhone = "UIInterfaceOrientationPortrait UIInterfaceOrientationLandscapeLeft UIInterfaceOrientationLandscapeRight";
				IPHONEOS_DEPLOYMENT_TARGET = 16.0;
				LD_RUNPATH_SEARCH_PATHS = (
					"$(inherited)",
					"@executable_path/Frameworks",
				);
				MARKETING_VERSION = 1.0;
				PRODUCT_BUNDLE_IDENTIFIER = com.whitehyun.WeatherApp;
				PRODUCT_NAME = "$(TARGET_NAME)";
				SWIFT_EMIT_LOC_STRINGS = YES;
				SWIFT_VERSION = 5.0;
				TARGETED_DEVICE_FAMILY = "1,2";
			};
			name = Release;
		};
/* End XCBuildConfiguration section */

/* Begin XCConfigurationList section */
		BA88751628B8AFEB00825747 /* Build configuration list for PBXProject "WeatherApp" */ = {
			isa = XCConfigurationList;
			buildConfigurations = (
				BA88752D28B8AFEB00825747 /* Debug */,
				BA88752E28B8AFEB00825747 /* Release */,
			);
			defaultConfigurationIsVisible = 0;
			defaultConfigurationName = Release;
		};
		BA88752F28B8AFEB00825747 /* Build configuration list for PBXNativeTarget "WeatherApp" */ = {
			isa = XCConfigurationList;
			buildConfigurations = (
				BA88753028B8AFEB00825747 /* Debug */,
				BA88753128B8AFEB00825747 /* Release */,
			);
			defaultConfigurationIsVisible = 0;
			defaultConfigurationName = Release;
		};
/* End XCConfigurationList section */

/* Begin XCRemoteSwiftPackageReference section */
		BA0AE15C28BFB9940035854C /* XCRemoteSwiftPackageReference "Alamofire" */ = {
			isa = XCRemoteSwiftPackageReference;
			repositoryURL = "https://github.com/Alamofire/Alamofire";
			requirement = {
				branch = master;
				kind = branch;
			};
		};
		BA13A25D28BB974800A48560 /* XCRemoteSwiftPackageReference "ReactorKit" */ = {
			isa = XCRemoteSwiftPackageReference;
			repositoryURL = "https://github.com/ReactorKit/ReactorKit";
			requirement = {
				branch = master;
				kind = branch;
			};
		};
		BA9989E028B8B38200427AEA /* XCRemoteSwiftPackageReference "RxSwift" */ = {
			isa = XCRemoteSwiftPackageReference;
			repositoryURL = "https://github.com/ReactiveX/RxSwift.git";
			requirement = {
				branch = main;
				kind = branch;
			};
		};
		BA9989E528B8B3C900427AEA /* XCRemoteSwiftPackageReference "SnapKit" */ = {
			isa = XCRemoteSwiftPackageReference;
			repositoryURL = "https://github.com/SnapKit/SnapKit";
			requirement = {
				branch = main;
				kind = branch;
			};
		};
		BA9989E828B8B40800427AEA /* XCRemoteSwiftPackageReference "Then" */ = {
			isa = XCRemoteSwiftPackageReference;
			repositoryURL = "https://github.com/devxoul/Then.git";
			requirement = {
				branch = master;
				kind = branch;
			};
		};
/* End XCRemoteSwiftPackageReference section */

/* Begin XCSwiftPackageProductDependency section */
		BA0AE15D28BFB9940035854C /* Alamofire */ = {
			isa = XCSwiftPackageProductDependency;
			package = BA0AE15C28BFB9940035854C /* XCRemoteSwiftPackageReference "Alamofire" */;
			productName = Alamofire;
		};
		BA13A25E28BB974800A48560 /* ReactorKit */ = {
			isa = XCSwiftPackageProductDependency;
			package = BA13A25D28BB974800A48560 /* XCRemoteSwiftPackageReference "ReactorKit" */;
			productName = ReactorKit;
		};
		BA9989E128B8B38200427AEA /* RxCocoa */ = {
			isa = XCSwiftPackageProductDependency;
			package = BA9989E028B8B38200427AEA /* XCRemoteSwiftPackageReference "RxSwift" */;
			productName = RxCocoa;
		};
		BA9989E328B8B38200427AEA /* RxSwift */ = {
			isa = XCSwiftPackageProductDependency;
			package = BA9989E028B8B38200427AEA /* XCRemoteSwiftPackageReference "RxSwift" */;
			productName = RxSwift;
		};
		BA9989E628B8B3C900427AEA /* SnapKit */ = {
			isa = XCSwiftPackageProductDependency;
			package = BA9989E528B8B3C900427AEA /* XCRemoteSwiftPackageReference "SnapKit" */;
			productName = SnapKit;
		};
		BA9989E928B8B40800427AEA /* Then */ = {
			isa = XCSwiftPackageProductDependency;
			package = BA9989E828B8B40800427AEA /* XCRemoteSwiftPackageReference "Then" */;
			productName = Then;
		};
/* End XCSwiftPackageProductDependency section */
	};
	rootObject = BA88751328B8AFEB00825747 /* Project object */;
}
